
Microsoft Visual Studio Solution File, Format Version 12.00
Project("{FAE04EC0-301F-11D3-BF4B-00C04F79EFBC}") = "Multithreading.Utils", "Utils\Multithreading.Utils\Multithreading.Utils.csproj", "{EACF7F03-1F1E-4D50-9475-0A773D6B99E9}"
EndProject
Project("{2150E333-8FDC-42A3-9474-1A3956D46DE8}") = "Utils", "Utils", "{C54FB3F8-601E-4040-8CC5-9542E2C3E51E}"
EndProject
Project("{FAE04EC0-301F-11D3-BF4B-00C04F79EFBC}") = "Multithreading.Threads", "Multithreading.Threads\Multithreading.Threads.csproj", "{9E86E9D5-1699-4C76-95CF-2221B183E8F4}"
EndProject
Project("{FAE04EC0-301F-11D3-BF4B-00C04F79EFBC}") = "Multithreading.ThreadPool", "Multithreading.ThreadPool\Multithreading.ThreadPool.csproj", "{C81F799D-1EEC-4CF4-BFF1-CE96344999E6}"
EndProject
Project("{FAE04EC0-301F-11D3-BF4B-00C04F79EFBC}") = "Multithreading.Plinq", "Multithreading.Plinq\Multithreading.Plinq.csproj", "{0CE7FB54-9AA6-470C-B688-37CB0C004826}"
EndProject
Project("{FAE04EC0-301F-11D3-BF4B-00C04F79EFBC}") = "Multithreading.Synchronization", "Multithreading.Synchronization\Multithreading.Synchronization.csproj", "{049EB496-B241-4B55-A6E7-F8599E9A3B9B}"
EndProject
Project("{FAE04EC0-301F-11D3-BF4B-00C04F79EFBC}") = "Multithreading.Synchronization.Semaphores", "Multithreading.Synchronization.Semaphores\Multithreading.Synchronization.Semaphores.csproj", "{A0F6E554-E7BB-48D4-90CF-712FBC59DDE3}"
EndProject
Project("{FAE04EC0-301F-11D3-BF4B-00C04F79EFBC}") = "Multithreading.Synchronization.AutoResetEvents", "Multithreading.Synchronization.AutoResetEvents\Multithreading.Synchronization.AutoResetEvents.csproj", "{233AD6E6-D4F0-4599-AA9C-EEB17EF7FF23}"
EndProject
Project("{FAE04EC0-301F-11D3-BF4B-00C04F79EFBC}") = "Multithreading.Synchronization.ManualResetEvents", "Multithreading.Synchronization.ManualResetEvents\Multithreading.Synchronization.ManualResetEvents.csproj", "{0BC567B5-0415-40A4-A511-0E584E051938}"
EndProject
Project("{FAE04EC0-301F-11D3-BF4B-00C04F79EFBC}") = "Multithreading.Synchronization.Deadlock", "Multithreading.Synchronization.Deadlock\Multithreading.Synchronization.Deadlock.csproj", "{F0766E28-4EAB-4650-9624-D0C98C41ED28}"
EndProject
Project("{FAE04EC0-301F-11D3-BF4B-00C04F79EFBC}") = "Multithreading.Synchronization.Volatiles", "Multithreading.Synchronization.Volatiles\Multithreading.Synchronization.Volatiles.csproj", "{EC27130F-2141-4D92-80E7-0F2B5657E535}"
EndProject
Project("{FAE04EC0-301F-11D3-BF4B-00C04F79EFBC}") = "Multithreading.Synchronization.Atomics", "Multithreading.Synchronization.Atomics\Multithreading.Synchronization.Atomics.csproj", "{B7933BC8-C828-4F15-BA7E-A194876411AB}"
EndProject
Project("{FAE04EC0-301F-11D3-BF4B-00C04F79EFBC}") = "Multithreading.ThreadPool.Cancellation", "Multithreading.ThreadPool.Cancellation\Multithreading.ThreadPool.Cancellation.csproj", "{4F601108-5555-4F17-A8C9-7974235A4096}"
EndProject
Project("{FAE04EC0-301F-11D3-BF4B-00C04F79EFBC}") = "Multithreading.Async", "Multithreading.Async\Multithreading.Async.csproj", "{27DF3F44-58F2-413B-971A-96998E3BDD69}"
EndProject
Global
	GlobalSection(SolutionConfigurationPlatforms) = preSolution
		Debug|Any CPU = Debug|Any CPU
		Release|Any CPU = Release|Any CPU
	EndGlobalSection
	GlobalSection(ProjectConfigurationPlatforms) = postSolution
		{EACF7F03-1F1E-4D50-9475-0A773D6B99E9}.Debug|Any CPU.ActiveCfg = Debug|Any CPU
		{EACF7F03-1F1E-4D50-9475-0A773D6B99E9}.Debug|Any CPU.Build.0 = Debug|Any CPU
		{EACF7F03-1F1E-4D50-9475-0A773D6B99E9}.Release|Any CPU.ActiveCfg = Release|Any CPU
		{EACF7F03-1F1E-4D50-9475-0A773D6B99E9}.Release|Any CPU.Build.0 = Release|Any CPU
		{9E86E9D5-1699-4C76-95CF-2221B183E8F4}.Debug|Any CPU.ActiveCfg = Debug|Any CPU
		{9E86E9D5-1699-4C76-95CF-2221B183E8F4}.Debug|Any CPU.Build.0 = Debug|Any CPU
		{9E86E9D5-1699-4C76-95CF-2221B183E8F4}.Release|Any CPU.ActiveCfg = Release|Any CPU
		{9E86E9D5-1699-4C76-95CF-2221B183E8F4}.Release|Any CPU.Build.0 = Release|Any CPU
		{C81F799D-1EEC-4CF4-BFF1-CE96344999E6}.Debug|Any CPU.ActiveCfg = Debug|Any CPU
		{C81F799D-1EEC-4CF4-BFF1-CE96344999E6}.Debug|Any CPU.Build.0 = Debug|Any CPU
		{C81F799D-1EEC-4CF4-BFF1-CE96344999E6}.Release|Any CPU.ActiveCfg = Release|Any CPU
		{C81F799D-1EEC-4CF4-BFF1-CE96344999E6}.Release|Any CPU.Build.0 = Release|Any CPU
		{0CE7FB54-9AA6-470C-B688-37CB0C004826}.Debug|Any CPU.ActiveCfg = Debug|Any CPU
		{0CE7FB54-9AA6-470C-B688-37CB0C004826}.Debug|Any CPU.Build.0 = Debug|Any CPU
		{0CE7FB54-9AA6-470C-B688-37CB0C004826}.Release|Any CPU.ActiveCfg = Release|Any CPU
		{0CE7FB54-9AA6-470C-B688-37CB0C004826}.Release|Any CPU.Build.0 = Release|Any CPU
		{049EB496-B241-4B55-A6E7-F8599E9A3B9B}.Debug|Any CPU.ActiveCfg = Debug|Any CPU
		{049EB496-B241-4B55-A6E7-F8599E9A3B9B}.Debug|Any CPU.Build.0 = Debug|Any CPU
		{049EB496-B241-4B55-A6E7-F8599E9A3B9B}.Release|Any CPU.ActiveCfg = Release|Any CPU
		{049EB496-B241-4B55-A6E7-F8599E9A3B9B}.Release|Any CPU.Build.0 = Release|Any CPU
		{A0F6E554-E7BB-48D4-90CF-712FBC59DDE3}.Debug|Any CPU.ActiveCfg = Debug|Any CPU
		{A0F6E554-E7BB-48D4-90CF-712FBC59DDE3}.Debug|Any CPU.Build.0 = Debug|Any CPU
		{A0F6E554-E7BB-48D4-90CF-712FBC59DDE3}.Release|Any CPU.ActiveCfg = Release|Any CPU
		{A0F6E554-E7BB-48D4-90CF-712FBC59DDE3}.Release|Any CPU.Build.0 = Release|Any CPU
		{233AD6E6-D4F0-4599-AA9C-EEB17EF7FF23}.Debug|Any CPU.ActiveCfg = Debug|Any CPU
		{233AD6E6-D4F0-4599-AA9C-EEB17EF7FF23}.Debug|Any CPU.Build.0 = Debug|Any CPU
		{233AD6E6-D4F0-4599-AA9C-EEB17EF7FF23}.Release|Any CPU.ActiveCfg = Release|Any CPU
		{233AD6E6-D4F0-4599-AA9C-EEB17EF7FF23}.Release|Any CPU.Build.0 = Release|Any CPU
		{0BC567B5-0415-40A4-A511-0E584E051938}.Debug|Any CPU.ActiveCfg = Debug|Any CPU
		{0BC567B5-0415-40A4-A511-0E584E051938}.Debug|Any CPU.Build.0 = Debug|Any CPU
		{0BC567B5-0415-40A4-A511-0E584E051938}.Release|Any CPU.ActiveCfg = Release|Any CPU
		{0BC567B5-0415-40A4-A511-0E584E051938}.Release|Any CPU.Build.0 = Release|Any CPU
		{F0766E28-4EAB-4650-9624-D0C98C41ED28}.Debug|Any CPU.ActiveCfg = Debug|Any CPU
		{F0766E28-4EAB-4650-9624-D0C98C41ED28}.Debug|Any CPU.Build.0 = Debug|Any CPU
		{F0766E28-4EAB-4650-9624-D0C98C41ED28}.Release|Any CPU.ActiveCfg = Release|Any CPU
		{F0766E28-4EAB-4650-9624-D0C98C41ED28}.Release|Any CPU.Build.0 = Release|Any CPU
		{EC27130F-2141-4D92-80E7-0F2B5657E535}.Debug|Any CPU.ActiveCfg = Debug|Any CPU
		{EC27130F-2141-4D92-80E7-0F2B5657E535}.Debug|Any CPU.Build.0 = Debug|Any CPU
		{EC27130F-2141-4D92-80E7-0F2B5657E535}.Release|Any CPU.ActiveCfg = Release|Any CPU
		{EC27130F-2141-4D92-80E7-0F2B5657E535}.Release|Any CPU.Build.0 = Release|Any CPU
		{B7933BC8-C828-4F15-BA7E-A194876411AB}.Debug|Any CPU.ActiveCfg = Debug|Any CPU
		{B7933BC8-C828-4F15-BA7E-A194876411AB}.Debug|Any CPU.Build.0 = Debug|Any CPU
		{B7933BC8-C828-4F15-BA7E-A194876411AB}.Release|Any CPU.ActiveCfg = Release|Any CPU
		{B7933BC8-C828-4F15-BA7E-A194876411AB}.Release|Any CPU.Build.0 = Release|Any CPU
		{4F601108-5555-4F17-A8C9-7974235A4096}.Debug|Any CPU.ActiveCfg = Debug|Any CPU
		{4F601108-5555-4F17-A8C9-7974235A4096}.Debug|Any CPU.Build.0 = Debug|Any CPU
		{4F601108-5555-4F17-A8C9-7974235A4096}.Release|Any CPU.ActiveCfg = Release|Any CPU
		{4F601108-5555-4F17-A8C9-7974235A4096}.Release|Any CPU.Build.0 = Release|Any CPU
		{27DF3F44-58F2-413B-971A-96998E3BDD69}.Debug|Any CPU.ActiveCfg = Debug|Any CPU
		{27DF3F44-58F2-413B-971A-96998E3BDD69}.Debug|Any CPU.Build.0 = Debug|Any CPU
		{27DF3F44-58F2-413B-971A-96998E3BDD69}.Release|Any CPU.ActiveCfg = Release|Any CPU
		{27DF3F44-58F2-413B-971A-96998E3BDD69}.Release|Any CPU.Build.0 = Release|Any CPU
	EndGlobalSection
	GlobalSection(NestedProjects) = preSolution
		{EACF7F03-1F1E-4D50-9475-0A773D6B99E9} = {C54FB3F8-601E-4040-8CC5-9542E2C3E51E}
	EndGlobalSection
EndGlobal
